
Microsoft Visual Studio Solution File, Format Version 12.00
# Visual Studio Version 16
VisualStudioVersion = 16.0.30320.27
MinimumVisualStudioVersion = 10.0.40219.1
Project("{FAE04EC0-301F-11D3-BF4B-00C04F79EFBC}") = "WebHookServer", "WebHookServer\WebHookServer.csproj", "{F563B120-9717-4E21-8A3B-101D2E9FA404}"
EndProject
Global
	GlobalSection(SolutionConfigurationPlatforms) = preSolution
		Debug|Any CPU = Debug|Any CPU
		Release|Any CPU = Release|Any CPU
	EndGlobalSection
	GlobalSection(ProjectConfigurationPlatforms) = postSolution
		{F563B120-9717-4E21-8A3B-101D2E9FA404}.Debug|Any CPU.ActiveCfg = Debug|Any CPU
		{F563B120-9717-4E21-8A3B-101D2E9FA404}.Debug|Any CPU.Build.0 = Debug|Any CPU
		{F563B120-9717-4E21-8A3B-101D2E9FA404}.Release|Any CPU.ActiveCfg = Release|Any CPU
		{F563B120-9717-4E21-8A3B-101D2E9FA404}.Release|Any CPU.Build.0 = Release|Any CPU
	EndGlobalSection
	GlobalSection(SolutionProperties) = preSolution
		HideSolutionNode = FALSE
	EndGlobalSection
	GlobalSection(ExtensibilityGlobals) = postSolution
		SolutionGuid = {75779D86-3454-42BE-AA76-F2A9BF2BDCB5}
	EndGlobalSection
EndGlobal
